
Microsoft Visual Studio Solution File, Format Version 12.00
# Visual Studio Version 17
VisualStudioVersion = 17.4.33110.190
MinimumVisualStudioVersion = 10.0.40219.1
Project("{FAE04EC0-301F-11D3-BF4B-00C04F79EFBC}") = "Small_Talk_Test", "Small_Talk_Test\Small_Talk_Test.csproj", "{A1F0FE2F-3537-40DD-B1E3-0A65ED741151}"
EndProject
Global
	GlobalSection(SolutionConfigurationPlatforms) = preSolution
		Debug|Any CPU = Debug|Any CPU
		Release|Any CPU = Release|Any CPU
	EndGlobalSection
	GlobalSection(ProjectConfigurationPlatforms) = postSolution
		{A1F0FE2F-3537-40DD-B1E3-0A65ED741151}.Debug|Any CPU.ActiveCfg = Debug|Any CPU
		{A1F0FE2F-3537-40DD-B1E3-0A65ED741151}.Debug|Any CPU.Build.0 = Debug|Any CPU
		{A1F0FE2F-3537-40DD-B1E3-0A65ED741151}.Release|Any CPU.ActiveCfg = Release|Any CPU
		{A1F0FE2F-3537-40DD-B1E3-0A65ED741151}.Release|Any CPU.Build.0 = Release|Any CPU
	EndGlobalSection
	GlobalSection(SolutionProperties) = preSolution
		HideSolutionNode = FALSE
	EndGlobalSection
	GlobalSection(ExtensibilityGlobals) = postSolution
		SolutionGuid = {6F295374-5DD4-4E33-B655-7DBE849C289F}
	EndGlobalSection
EndGlobal
